{
  "name": "grain-translate",
  "version": "0.0.1",
  "lockfileVersion": 1,
  "requires": true,
  "dependencies": {
    "grain-lit-element": {
      "version": "0.0.5",
      "resolved": "https://registry.npmjs.org/grain-lit-element/-/grain-lit-element-0.0.5.tgz",
      "integrity": "sha512-u2NiqRma7iynbnmhwd2Eh/7UzRfX8yiwVlZBngBdDQylwL7Y8LB15jtuhz0Wync+76jVt0ahyn//WfFlA2vP7Q==",
      "dev": true,
      "requires": {
        "lit-html": "0.7.1"
      }
    },
    "i18next": {
      "version": "10.0.3",
      "resolved": "https://registry.npmjs.org/i18next/-/i18next-10.0.3.tgz",
      "integrity": "sha1-+BVT0ntBN+mJeaDGJpiJTP9rNmc="
    },
    "i18next-browser-languagedetector": {
      "version": "2.0.0",
      "resolved": "https://registry.npmjs.org/i18next-browser-languagedetector/-/i18next-browser-languagedetector-2.0.0.tgz",
      "integrity": "sha1-TZ3yvRpd7aPIwKbT22LVA4i57t0="
    },
    "i18next-xhr-backend": {
      "version": "1.4.3",
      "resolved": "https://registry.npmjs.org/i18next-xhr-backend/-/i18next-xhr-backend-1.4.3.tgz",
      "integrity": "sha512-l9YfIMl0N17Ka/F1KmzLF97iDC6xl5FtmTG60h/ETAfFwFQnYmmZ6B+oUKdNU4bZzBQR1QYWp58zVvUv95c5LA=="
    },
    "lit-html": {
      "version": "0.7.1",
      "resolved": "https://registry.npmjs.org/lit-html/-/lit-html-0.7.1.tgz",
      "integrity": "sha512-8L4kJaaE2sMUtaAOPr75tsgAakNIGUtroHsW4KpMO0LtLpjJXPt0WkS7guY3PB0MhM9mvIOCY/D9KamPB7GnDw==",
      "dev": true
    }
  }
}
